
Microsoft Visual Studio Solution File, Format Version 12.00
# Visual Studio 2012
Project("{FAE04EC0-301F-11D3-BF4B-00C04F79EFBC}") = "Simple_Http_Listener", "Simple_Http_Listener\Simple_Http_Listener.csproj", "{435F469E-022C-45C2-8E41-DED102E8437E}"
EndProject
Global
	GlobalSection(SolutionConfigurationPlatforms) = preSolution
		Debug|Any CPU = Debug|Any CPU
		Release|Any CPU = Release|Any CPU
	EndGlobalSection
	GlobalSection(ProjectConfigurationPlatforms) = postSolution
		{435F469E-022C-45C2-8E41-DED102E8437E}.Debug|Any CPU.ActiveCfg = Debug|Any CPU
		{435F469E-022C-45C2-8E41-DED102E8437E}.Debug|Any CPU.Build.0 = Debug|Any CPU
		{435F469E-022C-45C2-8E41-DED102E8437E}.Release|Any CPU.ActiveCfg = Release|Any CPU
		{435F469E-022C-45C2-8E41-DED102E8437E}.Release|Any CPU.Build.0 = Release|Any CPU
	EndGlobalSection
	GlobalSection(SolutionProperties) = preSolution
		HideSolutionNode = FALSE
	EndGlobalSection
EndGlobal
